{
  "lockfileVersion": 1,
  "configVersion": 1,
  "workspaces": {
    "": {
      "name": "max",
      "devDependencies": {
        "@max/connector-acme": "workspace:*",
        "@max/core": "workspace:*",
        "@max/execution": "workspace:*",
        "@max/execution-local": "workspace:*",
        "@max/execution-sqlite": "workspace:*",
        "@max/federation": "workspace:*",
        "@max/storage-sqlite": "workspace:*",
        "@types/bun": "latest",
        "prettier": "^3.8.1",
        "turbo": "^2.8.6",
        "typescript": "catalog:",
      },
    },
    "apps/acme": {
      "name": "@max/acme",
      "version": "0.1.0",
      "bin": {
        "acme": "./src/cli.ts",
      },
      "dependencies": {
        "@faker-js/faker": "^9.0.0",
      },
      "devDependencies": {
        "@types/bun": "latest",
        "typescript": "catalog:",
      },
    },
    "apps/max-explorer-demo": {
      "name": "@max/explorer-demo",
      "version": "0.1.0",
      "dependencies": {
        "@max/core": "workspace:*",
        "@max/federation": "workspace:*",
        "@max/platform-bun": "workspace:*",
        "@max/query-parser": "workspace:*",
        "@max/storage-sqlite": "workspace:*",
      },
      "devDependencies": {
        "@types/bun": "latest",
        "typescript": "catalog:",
      },
    },
    "apps/max-mini-http": {
      "name": "@max/mini-http",
      "version": "0.1.0",
      "dependencies": {
        "@max/cli": "workspace:*",
        "@max/core": "workspace:*",
        "@max/federation": "workspace:*",
        "@max/platform-bun": "workspace:*",
      },
      "devDependencies": {
        "@types/bun": "latest",
        "typescript": "catalog:",
      },
    },
    "connectors/connector-acme": {
      "name": "@max/connector-acme",
      "version": "0.1.0",
      "dependencies": {
        "@max/acme": "workspace:*",
        "@max/connector": "workspace:*",
        "@max/core": "workspace:*",
      },
      "devDependencies": {
        "@types/bun": "latest",
        "typescript": "catalog:",
      },
    },
    "examples": {
      "name": "@max/examples",
      "version": "0.1.0",
      "devDependencies": {
        "@max/acme": "workspace:*",
        "@max/connector-acme": "workspace:*",
        "@max/core": "workspace:*",
        "@max/execution": "workspace:*",
        "@max/execution-local": "workspace:*",
        "@max/execution-sqlite": "workspace:*",
        "@max/federation": "workspace:*",
        "@max/platform-bun": "workspace:*",
        "@max/storage-sqlite": "workspace:*",
        "@types/bun": "latest",
        "typescript": "catalog:",
      },
    },
    "packages/cli": {
      "name": "@max/cli",
      "version": "0.1.0",
      "dependencies": {
        "@max/connector": "workspace:*",
        "@max/connector-acme": "workspace:*",
        "@max/core": "workspace:*",
        "@max/federation": "workspace:*",
        "@max/platform-bun": "workspace:*",
        "@max/query-parser": "workspace:*",
        "@optique/core": "0.10.6",
        "@optique/run": "0.10.6",
        "yargs-parser": "^21.1.1",
      },
      "devDependencies": {
        "@types/bun": "latest",
        "@types/yargs-parser": "^21.0.3",
        "typescript": "catalog:",
      },
    },
    "packages/connector": {
      "name": "@max/connector",
      "version": "0.1.0",
      "dependencies": {
        "@max/core": "workspace:*",
      },
      "devDependencies": {
        "@types/bun": "latest",
        "typescript": "catalog:",
      },
    },
    "packages/core": {
      "name": "@max/core",
      "version": "0.1.0",
      "dependencies": {
        "node-inspect-extracted": "^3.3.0",
      },
      "devDependencies": {
        "@types/bun": "latest",
        "typescript": "catalog:",
      },
    },
    "packages/execution": {
      "name": "@max/execution",
      "version": "0.1.0",
      "dependencies": {
        "@max/core": "workspace:*",
      },
      "devDependencies": {
        "@types/bun": "latest",
        "typescript": "catalog:",
      },
    },
    "packages/execution-local": {
      "name": "@max/execution-local",
      "version": "0.1.0",
      "dependencies": {
        "@max/core": "workspace:*",
        "@max/execution": "workspace:*",
      },
      "devDependencies": {
        "@max/acme": "workspace:*",
        "@max/connector-acme": "workspace:*",
        "@max/storage-sqlite": "workspace:*",
        "@types/bun": "latest",
        "typescript": "catalog:",
      },
    },
    "packages/execution-sqlite": {
      "name": "@max/execution-sqlite",
      "version": "0.1.0",
      "dependencies": {
        "@max/core": "workspace:*",
        "@max/execution": "workspace:*",
        "@max/storage-sqlite": "workspace:*",
      },
      "devDependencies": {
        "@max/connector-acme": "workspace:*",
        "@max/execution-local": "workspace:*",
        "@types/bun": "latest",
        "typescript": "catalog:",
      },
    },
    "packages/federation": {
      "name": "@max/federation",
      "version": "0.1.0",
      "dependencies": {
        "@max/connector": "workspace:*",
        "@max/core": "workspace:*",
        "@max/execution": "workspace:*",
        "@max/execution-local": "workspace:*",
      },
      "devDependencies": {
        "@types/bun": "latest",
        "typescript": "catalog:",
      },
    },
    "packages/plan-parser": {
      "name": "@max/plan-parser",
      "version": "0.1.0",
      "dependencies": {
        "@max/core": "workspace:*",
        "@max/query-parser": "workspace:*",
        "arcsecond": "^5.0.0",
      },
      "devDependencies": {
        "@types/bun": "latest",
        "typescript": "catalog:",
      },
    },
    "packages/platform-bun": {
      "name": "@max/platform-bun",
      "version": "0.1.0",
      "dependencies": {
        "@max/connector": "workspace:*",
        "@max/core": "workspace:*",
        "@max/execution": "workspace:*",
        "@max/execution-local": "workspace:*",
        "@max/execution-sqlite": "workspace:*",
        "@max/federation": "workspace:*",
        "@max/storage-sqlite": "workspace:*",
      },
      "devDependencies": {
        "@types/bun": "latest",
        "typescript": "catalog:",
      },
    },
    "packages/query-parser": {
      "name": "@max/query-parser",
      "version": "0.1.0",
      "dependencies": {
        "@max/core": "workspace:*",
        "arcsecond": "^5.0.0",
      },
      "devDependencies": {
        "@types/bun": "latest",
        "typescript": "catalog:",
      },
    },
    "packages/storage-sqlite": {
      "name": "@max/storage-sqlite",
      "version": "0.1.0",
      "dependencies": {
        "@max/core": "workspace:*",
      },
      "devDependencies": {
        "@max/connector-acme": "workspace:*",
        "@types/bun": "latest",
        "typescript": "catalog:",
      },
    },
  },
  "patchedDependencies": {
    "@optique/core@0.10.6": "patches/@optique%2Fcore@0.10.6.patch",
  },
  "catalog": {
    "typescript": "5.9.3",
  },
  "packages": {
    "@faker-js/faker": ["@faker-js/faker@9.9.0", "", {}, "sha512-OEl393iCOoo/z8bMezRlJu+GlRGlsKbUAN7jKB6LhnKoqKve5DXRpalbItIIcwnCjs1k/FOPjFzcA6Qn+H+YbA=="],

    "@max/acme": ["@max/acme@workspace:apps/acme"],

    "@max/cli": ["@max/cli@workspace:packages/cli"],

    "@max/connector": ["@max/connector@workspace:packages/connector"],

    "@max/connector-acme": ["@max/connector-acme@workspace:connectors/connector-acme"],

    "@max/core": ["@max/core@workspace:packages/core"],

    "@max/examples": ["@max/examples@workspace:examples"],

    "@max/execution": ["@max/execution@workspace:packages/execution"],

    "@max/execution-local": ["@max/execution-local@workspace:packages/execution-local"],

    "@max/execution-sqlite": ["@max/execution-sqlite@workspace:packages/execution-sqlite"],

    "@max/explorer-demo": ["@max/explorer-demo@workspace:apps/max-explorer-demo"],

    "@max/federation": ["@max/federation@workspace:packages/federation"],

    "@max/mini-http": ["@max/mini-http@workspace:apps/max-mini-http"],

    "@max/plan-parser": ["@max/plan-parser@workspace:packages/plan-parser"],

    "@max/platform-bun": ["@max/platform-bun@workspace:packages/platform-bun"],

    "@max/query-parser": ["@max/query-parser@workspace:packages/query-parser"],

    "@max/storage-sqlite": ["@max/storage-sqlite@workspace:packages/storage-sqlite"],

    "@optique/core": ["@optique/core@0.10.6", "", {}, "sha512-H/E0oqLm1FVFoAp4a4LH1w0P7hG1LSXRC2kpYqxmHy1rv8pypTjs0il8joK+/GFXRIFCyoEw3Cj0YClw7mZ7RQ=="],

    "@optique/run": ["@optique/run@0.10.6", "", { "dependencies": { "@optique/core": "0.10.6" } }, "sha512-MWnB2iOUtahzGXkWZDqvJJR5mt0WtE0ut9A3zUpwB25MjKK2e7MgiLjfTSmCYpWYUxE2Pw2YEvbqUbd64M6Gnw=="],

    "@types/bun": ["@types/bun@1.3.6", "", { "dependencies": { "bun-types": "1.3.6" } }, "sha512-uWCv6FO/8LcpREhenN1d1b6fcspAB+cefwD7uti8C8VffIv0Um08TKMn98FynpTiU38+y2dUO55T11NgDt8VAA=="],

    "@types/node": ["@types/node@22.19.7", "", { "dependencies": { "undici-types": "~6.21.0" } }, "sha512-MciR4AKGHWl7xwxkBa6xUGxQJ4VBOmPTF7sL+iGzuahOFaO0jHCsuEfS80pan1ef4gWId1oWOweIhrDEYLuaOw=="],

    "@types/yargs-parser": ["@types/yargs-parser@21.0.3", "", {}, "sha512-I4q9QU9MQv4oEOz4tAHJtNz1cwuLxn2F3xcc2iV5WdqLPpUnj30aUuxt1mAxYTG+oe8CZMV/+6rU4S4gRDzqtQ=="],

    "arcsecond": ["arcsecond@5.0.0", "", {}, "sha512-J/fHdyadnsIencRsM6oUSsraCKG+Ni9Udcgr/eusxjTzX3SEQtCUQSpP0YtImFPfIK6DdT1nqwN0ng4FqNmwgA=="],

    "bun-types": ["bun-types@1.3.6", "", { "dependencies": { "@types/node": "*" } }, "sha512-OlFwHcnNV99r//9v5IIOgQ9Uk37gZqrNMCcqEaExdkVq3Avwqok1bJFmvGMCkCE0FqzdY8VMOZpfpR3lwI+CsQ=="],

    "node-inspect-extracted": ["node-inspect-extracted@3.3.0", "", {}, "sha512-Fn5DDCDThvcGdjcXwxlqeLwifgfLgXulStrDG5DE9yp13sicf9Dl5TJdEsBub4vr1qLfDaBxYkTFUEJfKETveA=="],

    "prettier": ["prettier@3.8.1", "", { "bin": { "prettier": "bin/prettier.cjs" } }, "sha512-UOnG6LftzbdaHZcKoPFtOcCKztrQ57WkHDeRD9t/PTQtmT0NHSeWWepj6pS0z/N7+08BHFDQVUrfmfMRcZwbMg=="],

    "turbo": ["turbo@2.8.6", "", { "optionalDependencies": { "turbo-darwin-64": "2.8.6", "turbo-darwin-arm64": "2.8.6", "turbo-linux-64": "2.8.6", "turbo-linux-arm64": "2.8.6", "turbo-windows-64": "2.8.6", "turbo-windows-arm64": "2.8.6" }, "bin": { "turbo": "bin/turbo" } }, "sha512-QMj1SQwUYehc+xJ9SxXn56UO43hfKN64/NFetVW1BwzysRqn+q0FSgrmk+IbJ+djfd8j8zXGKGeqsnUcXwQSUQ=="],

    "turbo-darwin-64": ["turbo-darwin-64@2.8.6", "", { "os": "darwin", "cpu": "x64" }, "sha512-6QeZ/aLZizekiI6tKZN0IGP1a1WYZ9c/qDKPa0rSmj2X0O0Iw/ES4rKZV40S5n8SUJdiU01EFLygHJ2oWaYKXg=="],

    "turbo-darwin-arm64": ["turbo-darwin-arm64@2.8.6", "", { "os": "darwin", "cpu": "arm64" }, "sha512-RS4Z902vB93cQD3PJS/1IMmS0HefrB5ZXuw4ECOrxhOGz5jJVmYFJ6weDzedjoTDeYHHXGo1NoiCSHg69ngWKA=="],

    "turbo-linux-64": ["turbo-linux-64@2.8.6", "", { "os": "linux", "cpu": "x64" }, "sha512-hCWDnDepYbrSJdByuryKFoHAGFkvgBYXr6qdaGsYhX1Wgq8isqXCQBKOo99Y/9tXDwKGEeQ7xnkdFvSL7AQ4iQ=="],

    "turbo-linux-arm64": ["turbo-linux-arm64@2.8.6", "", { "os": "linux", "cpu": "arm64" }, "sha512-oS15aCYEpynG/l69xs/ZnQ0dnz0pHhfHg70Zf5J+j5Cam0/RA0MpcryjneN/9G0PmP8a/6ZxnL5nZahX+wOBPA=="],

    "turbo-windows-64": ["turbo-windows-64@2.8.6", "", { "os": "win32", "cpu": "x64" }, "sha512-eqBxqJD7H/uk9V0QO10VgwY9J2BUXejsGuzChln72Yl+o8GZwsvhOekndRxccR90J8ZO+LKO24+3VzHFh4Cu/g=="],

    "turbo-windows-arm64": ["turbo-windows-arm64@2.8.6", "", { "os": "win32", "cpu": "arm64" }, "sha512-I3VEQyxIlNZ6XTg4fLKAkuhcwzIs/GD7Vs1yhelH2aUTjf08wprjBWknDqP7mjAHMpsosRrq4DtfSZEQm83Hxg=="],

    "typescript": ["typescript@5.9.3", "", { "bin": { "tsc": "bin/tsc", "tsserver": "bin/tsserver" } }, "sha512-jl1vZzPDinLr9eUt3J/t7V6FgNEw9QjvBPdysz9KfQDD41fQrC2Y4vKQdiaUpFT4bXlb1RHhLpp8wtm6M5TgSw=="],

    "undici-types": ["undici-types@6.21.0", "", {}, "sha512-iwDZqg0QAGrg9Rav5H4n0M64c3mkR59cJ6wQp+7C4nI0gsmExaedaYLNO44eT4AtBBwjbTiGPMlt2Md0T9H9JQ=="],

    "yargs-parser": ["yargs-parser@21.1.1", "", {}, "sha512-tVpsJW7DdjecAiFpbIB1e3qxIQsE6NoPc5/eTdrbbIC4h0LVsWhnoa3g+m2HclBIujHzsxZ4VJVA+GUuc2/LBw=="],

    "@max/acme/@types/bun": ["@types/bun@1.3.10", "", { "dependencies": { "bun-types": "1.3.10" } }, "sha512-0+rlrUrOrTSskibryHbvQkDOWRJwJZqZlxrUs1u4oOoTln8+WIXBPmAuCF35SWB2z4Zl3E84Nl/D0P7803nigQ=="],

    "@max/cli/@types/bun": ["@types/bun@1.3.10", "", { "dependencies": { "bun-types": "1.3.10" } }, "sha512-0+rlrUrOrTSskibryHbvQkDOWRJwJZqZlxrUs1u4oOoTln8+WIXBPmAuCF35SWB2z4Zl3E84Nl/D0P7803nigQ=="],

    "@max/connector/@types/bun": ["@types/bun@1.3.10", "", { "dependencies": { "bun-types": "1.3.10" } }, "sha512-0+rlrUrOrTSskibryHbvQkDOWRJwJZqZlxrUs1u4oOoTln8+WIXBPmAuCF35SWB2z4Zl3E84Nl/D0P7803nigQ=="],

    "@max/connector-acme/@types/bun": ["@types/bun@1.3.10", "", { "dependencies": { "bun-types": "1.3.10" } }, "sha512-0+rlrUrOrTSskibryHbvQkDOWRJwJZqZlxrUs1u4oOoTln8+WIXBPmAuCF35SWB2z4Zl3E84Nl/D0P7803nigQ=="],

    "@max/core/@types/bun": ["@types/bun@1.3.10", "", { "dependencies": { "bun-types": "1.3.10" } }, "sha512-0+rlrUrOrTSskibryHbvQkDOWRJwJZqZlxrUs1u4oOoTln8+WIXBPmAuCF35SWB2z4Zl3E84Nl/D0P7803nigQ=="],

    "@max/examples/@types/bun": ["@types/bun@1.3.9", "", { "dependencies": { "bun-types": "1.3.9" } }, "sha512-KQ571yULOdWJiMH+RIWIOZ7B2RXQGpL1YQrBtLIV3FqDcCu6FsbFUBwhdKUlCKUpS3PJDsHlJ1QKlpxoVR+xtw=="],

    "@max/execution/@types/bun": ["@types/bun@1.3.10", "", { "dependencies": { "bun-types": "1.3.10" } }, "sha512-0+rlrUrOrTSskibryHbvQkDOWRJwJZqZlxrUs1u4oOoTln8+WIXBPmAuCF35SWB2z4Zl3E84Nl/D0P7803nigQ=="],

    "@max/execution-local/@types/bun": ["@types/bun@1.3.10", "", { "dependencies": { "bun-types": "1.3.10" } }, "sha512-0+rlrUrOrTSskibryHbvQkDOWRJwJZqZlxrUs1u4oOoTln8+WIXBPmAuCF35SWB2z4Zl3E84Nl/D0P7803nigQ=="],

    "@max/execution-sqlite/@types/bun": ["@types/bun@1.3.10", "", { "dependencies": { "bun-types": "1.3.10" } }, "sha512-0+rlrUrOrTSskibryHbvQkDOWRJwJZqZlxrUs1u4oOoTln8+WIXBPmAuCF35SWB2z4Zl3E84Nl/D0P7803nigQ=="],

    "@max/explorer-demo/@types/bun": ["@types/bun@1.3.10", "", { "dependencies": { "bun-types": "1.3.10" } }, "sha512-0+rlrUrOrTSskibryHbvQkDOWRJwJZqZlxrUs1u4oOoTln8+WIXBPmAuCF35SWB2z4Zl3E84Nl/D0P7803nigQ=="],

    "@max/federation/@types/bun": ["@types/bun@1.3.10", "", { "dependencies": { "bun-types": "1.3.10" } }, "sha512-0+rlrUrOrTSskibryHbvQkDOWRJwJZqZlxrUs1u4oOoTln8+WIXBPmAuCF35SWB2z4Zl3E84Nl/D0P7803nigQ=="],

    "@max/mini-http/@types/bun": ["@types/bun@1.3.10", "", { "dependencies": { "bun-types": "1.3.10" } }, "sha512-0+rlrUrOrTSskibryHbvQkDOWRJwJZqZlxrUs1u4oOoTln8+WIXBPmAuCF35SWB2z4Zl3E84Nl/D0P7803nigQ=="],

    "@max/plan-parser/@types/bun": ["@types/bun@1.3.9", "", { "dependencies": { "bun-types": "1.3.9" } }, "sha512-KQ571yULOdWJiMH+RIWIOZ7B2RXQGpL1YQrBtLIV3FqDcCu6FsbFUBwhdKUlCKUpS3PJDsHlJ1QKlpxoVR+xtw=="],

    "@max/platform-bun/@types/bun": ["@types/bun@1.3.10", "", { "dependencies": { "bun-types": "1.3.10" } }, "sha512-0+rlrUrOrTSskibryHbvQkDOWRJwJZqZlxrUs1u4oOoTln8+WIXBPmAuCF35SWB2z4Zl3E84Nl/D0P7803nigQ=="],

    "@max/query-parser/@types/bun": ["@types/bun@1.3.10", "", { "dependencies": { "bun-types": "1.3.10" } }, "sha512-0+rlrUrOrTSskibryHbvQkDOWRJwJZqZlxrUs1u4oOoTln8+WIXBPmAuCF35SWB2z4Zl3E84Nl/D0P7803nigQ=="],

    "@max/storage-sqlite/@types/bun": ["@types/bun@1.3.10", "", { "dependencies": { "bun-types": "1.3.10" } }, "sha512-0+rlrUrOrTSskibryHbvQkDOWRJwJZqZlxrUs1u4oOoTln8+WIXBPmAuCF35SWB2z4Zl3E84Nl/D0P7803nigQ=="],

    "@max/acme/@types/bun/bun-types": ["bun-types@1.3.10", "", { "dependencies": { "@types/node": "*" } }, "sha512-tcpfCCl6XWo6nCVnpcVrxQ+9AYN1iqMIzgrSKYMB/fjLtV2eyAVEg7AxQJuCq/26R6HpKWykQXuSOq/21RYcbg=="],

    "@max/cli/@types/bun/bun-types": ["bun-types@1.3.10", "", { "dependencies": { "@types/node": "*" } }, "sha512-tcpfCCl6XWo6nCVnpcVrxQ+9AYN1iqMIzgrSKYMB/fjLtV2eyAVEg7AxQJuCq/26R6HpKWykQXuSOq/21RYcbg=="],

    "@max/connector-acme/@types/bun/bun-types": ["bun-types@1.3.10", "", { "dependencies": { "@types/node": "*" } }, "sha512-tcpfCCl6XWo6nCVnpcVrxQ+9AYN1iqMIzgrSKYMB/fjLtV2eyAVEg7AxQJuCq/26R6HpKWykQXuSOq/21RYcbg=="],

    "@max/connector/@types/bun/bun-types": ["bun-types@1.3.10", "", { "dependencies": { "@types/node": "*" } }, "sha512-tcpfCCl6XWo6nCVnpcVrxQ+9AYN1iqMIzgrSKYMB/fjLtV2eyAVEg7AxQJuCq/26R6HpKWykQXuSOq/21RYcbg=="],

    "@max/core/@types/bun/bun-types": ["bun-types@1.3.10", "", { "dependencies": { "@types/node": "*" } }, "sha512-tcpfCCl6XWo6nCVnpcVrxQ+9AYN1iqMIzgrSKYMB/fjLtV2eyAVEg7AxQJuCq/26R6HpKWykQXuSOq/21RYcbg=="],

    "@max/examples/@types/bun/bun-types": ["bun-types@1.3.9", "", { "dependencies": { "@types/node": "*" } }, "sha512-+UBWWOakIP4Tswh0Bt0QD0alpTY8cb5hvgiYeWCMet9YukHbzuruIEeXC2D7nMJPB12kbh8C7XJykSexEqGKJg=="],

    "@max/execution-local/@types/bun/bun-types": ["bun-types@1.3.10", "", { "dependencies": { "@types/node": "*" } }, "sha512-tcpfCCl6XWo6nCVnpcVrxQ+9AYN1iqMIzgrSKYMB/fjLtV2eyAVEg7AxQJuCq/26R6HpKWykQXuSOq/21RYcbg=="],

    "@max/execution-sqlite/@types/bun/bun-types": ["bun-types@1.3.10", "", { "dependencies": { "@types/node": "*" } }, "sha512-tcpfCCl6XWo6nCVnpcVrxQ+9AYN1iqMIzgrSKYMB/fjLtV2eyAVEg7AxQJuCq/26R6HpKWykQXuSOq/21RYcbg=="],

    "@max/execution/@types/bun/bun-types": ["bun-types@1.3.10", "", { "dependencies": { "@types/node": "*" } }, "sha512-tcpfCCl6XWo6nCVnpcVrxQ+9AYN1iqMIzgrSKYMB/fjLtV2eyAVEg7AxQJuCq/26R6HpKWykQXuSOq/21RYcbg=="],

    "@max/explorer-demo/@types/bun/bun-types": ["bun-types@1.3.10", "", { "dependencies": { "@types/node": "*" } }, "sha512-tcpfCCl6XWo6nCVnpcVrxQ+9AYN1iqMIzgrSKYMB/fjLtV2eyAVEg7AxQJuCq/26R6HpKWykQXuSOq/21RYcbg=="],

    "@max/federation/@types/bun/bun-types": ["bun-types@1.3.10", "", { "dependencies": { "@types/node": "*" } }, "sha512-tcpfCCl6XWo6nCVnpcVrxQ+9AYN1iqMIzgrSKYMB/fjLtV2eyAVEg7AxQJuCq/26R6HpKWykQXuSOq/21RYcbg=="],

    "@max/mini-http/@types/bun/bun-types": ["bun-types@1.3.10", "", { "dependencies": { "@types/node": "*" } }, "sha512-tcpfCCl6XWo6nCVnpcVrxQ+9AYN1iqMIzgrSKYMB/fjLtV2eyAVEg7AxQJuCq/26R6HpKWykQXuSOq/21RYcbg=="],

    "@max/plan-parser/@types/bun/bun-types": ["bun-types@1.3.9", "", { "dependencies": { "@types/node": "*" } }, "sha512-+UBWWOakIP4Tswh0Bt0QD0alpTY8cb5hvgiYeWCMet9YukHbzuruIEeXC2D7nMJPB12kbh8C7XJykSexEqGKJg=="],

    "@max/platform-bun/@types/bun/bun-types": ["bun-types@1.3.10", "", { "dependencies": { "@types/node": "*" } }, "sha512-tcpfCCl6XWo6nCVnpcVrxQ+9AYN1iqMIzgrSKYMB/fjLtV2eyAVEg7AxQJuCq/26R6HpKWykQXuSOq/21RYcbg=="],

    "@max/query-parser/@types/bun/bun-types": ["bun-types@1.3.10", "", { "dependencies": { "@types/node": "*" } }, "sha512-tcpfCCl6XWo6nCVnpcVrxQ+9AYN1iqMIzgrSKYMB/fjLtV2eyAVEg7AxQJuCq/26R6HpKWykQXuSOq/21RYcbg=="],

    "@max/storage-sqlite/@types/bun/bun-types": ["bun-types@1.3.10", "", { "dependencies": { "@types/node": "*" } }, "sha512-tcpfCCl6XWo6nCVnpcVrxQ+9AYN1iqMIzgrSKYMB/fjLtV2eyAVEg7AxQJuCq/26R6HpKWykQXuSOq/21RYcbg=="],
  }
}
